
Microsoft Visual Studio Solution File, Format Version 12.00
# Visual Studio 15
VisualStudioVersion = 15.0.28307.757
MinimumVisualStudioVersion = 10.0.40219.1
Project("{8BC9CEB8-8B4A-11D0-8D11-00A0C91BC942}") = "XHSI_plug", "XHSI_plug.vcxproj", "{1FFDA87C-6F08-455C-8658-291681492E40}"
EndProject
Global
	GlobalSection(SolutionConfigurationPlatforms) = preSolution
		Debug|x64 = Debug|x64
		Debug|x86 = Debug|x86
		Release|x64 = Release|x64
		Release|x86 = Release|x86
	EndGlobalSection
	GlobalSection(ProjectConfigurationPlatforms) = postSolution
		{1FFDA87C-6F08-455C-8658-291681492E40}.Debug|x64.ActiveCfg = Debug|x64
		{1FFDA87C-6F08-455C-8658-291681492E40}.Debug|x64.Build.0 = Debug|x64
		{1FFDA87C-6F08-455C-8658-291681492E40}.Debug|x86.ActiveCfg = Debug|Win32
		{1FFDA87C-6F08-455C-8658-291681492E40}.Debug|x86.Build.0 = Debug|Win32
		{1FFDA87C-6F08-455C-8658-291681492E40}.Release|x64.ActiveCfg = Release|x64
		{1FFDA87C-6F08-455C-8658-291681492E40}.Release|x64.Build.0 = Release|x64
		{1FFDA87C-6F08-455C-8658-291681492E40}.Release|x86.ActiveCfg = Release|Win32
		{1FFDA87C-6F08-455C-8658-291681492E40}.Release|x86.Build.0 = Release|Win32
	EndGlobalSection
	GlobalSection(SolutionProperties) = preSolution
		HideSolutionNode = FALSE
	EndGlobalSection
	GlobalSection(ExtensibilityGlobals) = postSolution
		SolutionGuid = {BC388706-97A6-47E5-BBEB-FCDD6A30EA82}
	EndGlobalSection
EndGlobal
